
Microsoft Visual Studio Solution File, Format Version 12.00
Project("{2150E333-8FDC-42A3-9474-1A3956D46DE8}") = "Solution Items", "Solution Items", "{2899280F-2D36-41BC-AEFE-66C1DDA8D085}"
	ProjectSection(SolutionItems) = preProject
		docker-compose.yml = docker-compose.yml
	EndProjectSection
EndProject
Project("{FAE04EC0-301F-11D3-BF4B-00C04F79EFBC}") = "TaskManager.Domain", "src\TaskManager.Domain\TaskManager.Domain.csproj", "{B2578D7E-2778-480A-9A82-2205F3DF14DF}"
EndProject
Project("{FAE04EC0-301F-11D3-BF4B-00C04F79EFBC}") = "TaskManager.Persistence", "src\TaskManager.Persistence\TaskManager.Persistence.csproj", "{DBB8F89D-F18A-458B-A362-4957514FA1BF}"
EndProject
Project("{FAE04EC0-301F-11D3-BF4B-00C04F79EFBC}") = "TaskManager.Api", "src\TaskManager.Api\TaskManager.Api.csproj", "{1AADBA08-F6D2-4947-B278-6BCC3B46D53C}"
EndProject
Project("{FAE04EC0-301F-11D3-BF4B-00C04F79EFBC}") = "TaskManager.S3", "src\TaskManager.S3\TaskManager.S3.csproj", "{FE370580-64A0-4730-9622-AC4EC33B23B6}"
EndProject
Global
	GlobalSection(SolutionConfigurationPlatforms) = preSolution
		Debug|Any CPU = Debug|Any CPU
		Release|Any CPU = Release|Any CPU
	EndGlobalSection
	GlobalSection(ProjectConfigurationPlatforms) = postSolution
		{B2578D7E-2778-480A-9A82-2205F3DF14DF}.Debug|Any CPU.ActiveCfg = Debug|Any CPU
		{B2578D7E-2778-480A-9A82-2205F3DF14DF}.Debug|Any CPU.Build.0 = Debug|Any CPU
		{B2578D7E-2778-480A-9A82-2205F3DF14DF}.Release|Any CPU.ActiveCfg = Release|Any CPU
		{B2578D7E-2778-480A-9A82-2205F3DF14DF}.Release|Any CPU.Build.0 = Release|Any CPU
		{DBB8F89D-F18A-458B-A362-4957514FA1BF}.Debug|Any CPU.ActiveCfg = Debug|Any CPU
		{DBB8F89D-F18A-458B-A362-4957514FA1BF}.Debug|Any CPU.Build.0 = Debug|Any CPU
		{DBB8F89D-F18A-458B-A362-4957514FA1BF}.Release|Any CPU.ActiveCfg = Release|Any CPU
		{DBB8F89D-F18A-458B-A362-4957514FA1BF}.Release|Any CPU.Build.0 = Release|Any CPU
		{1AADBA08-F6D2-4947-B278-6BCC3B46D53C}.Debug|Any CPU.ActiveCfg = Debug|Any CPU
		{1AADBA08-F6D2-4947-B278-6BCC3B46D53C}.Debug|Any CPU.Build.0 = Debug|Any CPU
		{1AADBA08-F6D2-4947-B278-6BCC3B46D53C}.Release|Any CPU.ActiveCfg = Release|Any CPU
		{1AADBA08-F6D2-4947-B278-6BCC3B46D53C}.Release|Any CPU.Build.0 = Release|Any CPU
		{FE370580-64A0-4730-9622-AC4EC33B23B6}.Debug|Any CPU.ActiveCfg = Debug|Any CPU
		{FE370580-64A0-4730-9622-AC4EC33B23B6}.Debug|Any CPU.Build.0 = Debug|Any CPU
		{FE370580-64A0-4730-9622-AC4EC33B23B6}.Release|Any CPU.ActiveCfg = Release|Any CPU
		{FE370580-64A0-4730-9622-AC4EC33B23B6}.Release|Any CPU.Build.0 = Release|Any CPU
	EndGlobalSection
EndGlobal
